// !$*UTF8*$!
{
	archiveVersion = 1;
	classes = {
	};
	objectVersion = 56;
	objects = {

/* Begin PBXBuildFile section */
		1D2038862A38DC0C00BE49A2 /* SwiftUITutorialApp.swift in Sources */ = {isa = PBXBuildFile; fileRef = 1D2038852A38DC0C00BE49A2 /* SwiftUITutorialApp.swift */; };
		1D2038882A38DC0C00BE49A2 /* ContentView.swift in Sources */ = {isa = PBXBuildFile; fileRef = 1D2038872A38DC0C00BE49A2 /* ContentView.swift */; };
		1D20388A2A38DC0D00BE49A2 /* Assets.xcassets in Resources */ = {isa = PBXBuildFile; fileRef = 1D2038892A38DC0D00BE49A2 /* Assets.xcassets */; };
		1D20388D2A38DC0D00BE49A2 /* Preview Assets.xcassets in Resources */ = {isa = PBXBuildFile; fileRef = 1D20388C2A38DC0D00BE49A2 /* Preview Assets.xcassets */; };
		1D2038952A38EC0F00BE49A2 /* VHStackSample.swift in Sources */ = {isa = PBXBuildFile; fileRef = 1D2038942A38EC0F00BE49A2 /* VHStackSample.swift */; };
		1D2038972A38EC9500BE49A2 /* TextElement.swift in Sources */ = {isa = PBXBuildFile; fileRef = 1D2038962A38EC9500BE49A2 /* TextElement.swift */; };
		1D37BE0A2A46CE1A001AEE30 /* InputSample4.swift in Sources */ = {isa = PBXBuildFile; fileRef = 1D37BE092A46CE1A001AEE30 /* InputSample4.swift */; };
		1D37BE0C2A46CF92001AEE30 /* NameListSample.swift in Sources */ = {isa = PBXBuildFile; fileRef = 1D37BE0B2A46CF92001AEE30 /* NameListSample.swift */; };
		1D37BE0E2A46D184001AEE30 /* ProductListSample.swift in Sources */ = {isa = PBXBuildFile; fileRef = 1D37BE0D2A46D184001AEE30 /* ProductListSample.swift */; };
		1D37BE102A46D66E001AEE30 /* CelciusToFahrenheit.swift in Sources */ = {isa = PBXBuildFile; fileRef = 1D37BE0F2A46D66E001AEE30 /* CelciusToFahrenheit.swift */; };
		1D37BE122A46DC29001AEE30 /* RandomImage.swift in Sources */ = {isa = PBXBuildFile; fileRef = 1D37BE112A46DC29001AEE30 /* RandomImage.swift */; };
		1D37BE152A46DEFC001AEE30 /* SystemImageSample.swift in Sources */ = {isa = PBXBuildFile; fileRef = 1D37BE142A46DEFC001AEE30 /* SystemImageSample.swift */; };
		1D37BE172A46E235001AEE30 /* SayisalLotoApp.swift in Sources */ = {isa = PBXBuildFile; fileRef = 1D37BE162A46E235001AEE30 /* SayisalLotoApp.swift */; };
		1D37BE192A46EBD8001AEE30 /* ListSearchSample.swift in Sources */ = {isa = PBXBuildFile; fileRef = 1D37BE182A46EBD8001AEE30 /* ListSearchSample.swift */; };
		1D37BE1B2A46EFDC001AEE30 /* RandomSizeButton.swift in Sources */ = {isa = PBXBuildFile; fileRef = 1D37BE1A2A46EFDC001AEE30 /* RandomSizeButton.swift */; };
		1D37BE1D2A46F2F4001AEE30 /* DiceRoller.swift in Sources */ = {isa = PBXBuildFile; fileRef = 1D37BE1C2A46F2F4001AEE30 /* DiceRoller.swift */; };
		1D37BE1F2A46F973001AEE30 /* ToggleSample.swift in Sources */ = {isa = PBXBuildFile; fileRef = 1D37BE1E2A46F973001AEE30 /* ToggleSample.swift */; };
		1D37BE242A46FC44001AEE30 /* ImageGallery.swift in Sources */ = {isa = PBXBuildFile; fileRef = 1D37BE232A46FC44001AEE30 /* ImageGallery.swift */; };
		1D37BE262A46FDA0001AEE30 /* ImageButton.swift in Sources */ = {isa = PBXBuildFile; fileRef = 1D37BE252A46FDA0001AEE30 /* ImageButton.swift */; };
		1D37BE292A48202B001AEE30 /* StructSample.swift in Sources */ = {isa = PBXBuildFile; fileRef = 1D37BE282A48202B001AEE30 /* StructSample.swift */; };
		1D43AFCC2A44AB0E00AB8903 /* StateInputSample.swift in Sources */ = {isa = PBXBuildFile; fileRef = 1D43AFCB2A44AB0E00AB8903 /* StateInputSample.swift */; };
		1D43AFCF2A44AD7000AB8903 /* InputSample.swift in Sources */ = {isa = PBXBuildFile; fileRef = 1D43AFCE2A44AD7000AB8903 /* InputSample.swift */; };
		1D43AFD12A44AF2000AB8903 /* InputSample2.swift in Sources */ = {isa = PBXBuildFile; fileRef = 1D43AFD02A44AF2000AB8903 /* InputSample2.swift */; };
		1D43AFD32A44B08A00AB8903 /* InputSample3.swift in Sources */ = {isa = PBXBuildFile; fileRef = 1D43AFD22A44B08A00AB8903 /* InputSample3.swift */; };
		1D43AFD52A44B3B900AB8903 /* InputArraySample.swift in Sources */ = {isa = PBXBuildFile; fileRef = 1D43AFD42A44B3B900AB8903 /* InputArraySample.swift */; };
		1D7597252A594B6D0051588C /* PickerSample.swift in Sources */ = {isa = PBXBuildFile; fileRef = 1D7597242A594B6D0051588C /* PickerSample.swift */; };
		1D75972B2A59614A0051588C /* CounterSample.swift in Sources */ = {isa = PBXBuildFile; fileRef = 1D75972A2A59614A0051588C /* CounterSample.swift */; };
		1D7597422A5A9FD20051588C /* MetalBands.swift in Sources */ = {isa = PBXBuildFile; fileRef = 1D7597412A5A9FD20051588C /* MetalBands.swift */; };
		1D7597442A5AA0490051588C /* Detail.swift in Sources */ = {isa = PBXBuildFile; fileRef = 1D7597432A5AA0490051588C /* Detail.swift */; };
		1D7597492A5ABCEF0051588C /* CounterParent.swift in Sources */ = {isa = PBXBuildFile; fileRef = 1D7597482A5ABCEF0051588C /* CounterParent.swift */; };
		1D75974B2A5ABD010051588C /* CounterChild.swift in Sources */ = {isa = PBXBuildFile; fileRef = 1D75974A2A5ABD010051588C /* CounterChild.swift */; };
		1D7A90FE2A48381C00362507 /* TwitLikeSample.swift in Sources */ = {isa = PBXBuildFile; fileRef = 1D7A90FD2A48381C00362507 /* TwitLikeSample.swift */; };
		1D7A91002A483F6000362507 /* SliderSample.swift in Sources */ = {isa = PBXBuildFile; fileRef = 1D7A90FF2A483F6000362507 /* SliderSample.swift */; };
		1D7A91032A48426400362507 /* TicTacToeGame.swift in Sources */ = {isa = PBXBuildFile; fileRef = 1D7A91022A48426400362507 /* TicTacToeGame.swift */; };
		1DB8E7E02A3D961300DF1AF9 /* Template1.swift in Sources */ = {isa = PBXBuildFile; fileRef = 1DB8E7DF2A3D961300DF1AF9 /* Template1.swift */; };
		1DB8E7E22A3DA18500DF1AF9 /* PaddingSample.swift in Sources */ = {isa = PBXBuildFile; fileRef = 1DB8E7E12A3DA18500DF1AF9 /* PaddingSample.swift */; };
		1DB8E7E42A3DA65E00DF1AF9 /* Template2.swift in Sources */ = {isa = PBXBuildFile; fileRef = 1DB8E7E32A3DA65E00DF1AF9 /* Template2.swift */; };
		1DB8E7E62A3DA70A00DF1AF9 /* ImageElement.swift in Sources */ = {isa = PBXBuildFile; fileRef = 1DB8E7E52A3DA70A00DF1AF9 /* ImageElement.swift */; };
		1DB8E7E82A3DB4CB00DF1AF9 /* ZSample.swift in Sources */ = {isa = PBXBuildFile; fileRef = 1DB8E7E72A3DB4CB00DF1AF9 /* ZSample.swift */; };
		1DB8E7EB2A3DC49400DF1AF9 /* Header.swift in Sources */ = {isa = PBXBuildFile; fileRef = 1DB8E7EA2A3DC49400DF1AF9 /* Header.swift */; };
		1DB8E7ED2A3DC4CF00DF1AF9 /* List.swift in Sources */ = {isa = PBXBuildFile; fileRef = 1DB8E7EC2A3DC4CF00DF1AF9 /* List.swift */; };
		1DB8E7EF2A3DC51B00DF1AF9 /* Products.swift in Sources */ = {isa = PBXBuildFile; fileRef = 1DB8E7EE2A3DC51B00DF1AF9 /* Products.swift */; };
		1DB8E7F22A40B57800DF1AF9 /* StateIntro.swift in Sources */ = {isa = PBXBuildFile; fileRef = 1DB8E7F12A40B57800DF1AF9 /* StateIntro.swift */; };
		1DB8E7F42A40B62B00DF1AF9 /* ButtonElement.swift in Sources */ = {isa = PBXBuildFile; fileRef = 1DB8E7F32A40B62B00DF1AF9 /* ButtonElement.swift */; };
		1DB8E7F62A40B72E00DF1AF9 /* StateArraySample.swift in Sources */ = {isa = PBXBuildFile; fileRef = 1DB8E7F52A40B72E00DF1AF9 /* StateArraySample.swift */; };
		1DB8E7F82A40B7B700DF1AF9 /* ListElement.swift in Sources */ = {isa = PBXBuildFile; fileRef = 1DB8E7F72A40B7B700DF1AF9 /* ListElement.swift */; };
		1DB8E7FA2A40BB2200DF1AF9 /* StateArraySample2.swift in Sources */ = {isa = PBXBuildFile; fileRef = 1DB8E7F92A40BB2200DF1AF9 /* StateArraySample2.swift */; };
		1DB8E7FC2A40BBF800DF1AF9 /* StateArraySample3.swift in Sources */ = {isa = PBXBuildFile; fileRef = 1DB8E7FB2A40BBF800DF1AF9 /* StateArraySample3.swift */; };
		1DB8E7FE2A40C1FD00DF1AF9 /* StateArraySample4.swift in Sources */ = {isa = PBXBuildFile; fileRef = 1DB8E7FD2A40C1FD00DF1AF9 /* StateArraySample4.swift */; };
		1DB8E8002A40C2E500DF1AF9 /* CounterState.swift in Sources */ = {isa = PBXBuildFile; fileRef = 1DB8E7FF2A40C2E500DF1AF9 /* CounterState.swift */; };
		1DB8E8022A40C3B300DF1AF9 /* StateArraySample5.swift in Sources */ = {isa = PBXBuildFile; fileRef = 1DB8E8012A40C3B300DF1AF9 /* StateArraySample5.swift */; };
		1DB8E8042A40C4E900DF1AF9 /* StateDesignSample.swift in Sources */ = {isa = PBXBuildFile; fileRef = 1DB8E8032A40C4E900DF1AF9 /* StateDesignSample.swift */; };
		1DB8E8062A40C68900DF1AF9 /* StateDesignSample2.swift in Sources */ = {isa = PBXBuildFile; fileRef = 1DB8E8052A40C68900DF1AF9 /* StateDesignSample2.swift */; };
		1DE7A4FD2A4826AA00A8E570 /* TwitModel.swift in Sources */ = {isa = PBXBuildFile; fileRef = 1DE7A4FC2A4826AA00A8E570 /* TwitModel.swift */; };
		1DE7A5012A48271700A8E570 /* TwitterHeader.swift in Sources */ = {isa = PBXBuildFile; fileRef = 1DE7A5002A48271700A8E570 /* TwitterHeader.swift */; };
		1DE7A5032A4827CE00A8E570 /* TwitterMainScreen.swift in Sources */ = {isa = PBXBuildFile; fileRef = 1DE7A5022A4827CE00A8E570 /* TwitterMainScreen.swift */; };
		1DE7A5052A4831D500A8E570 /* TwitUserHeader.swift in Sources */ = {isa = PBXBuildFile; fileRef = 1DE7A5042A4831D500A8E570 /* TwitUserHeader.swift */; };
		1DE7A5072A48320700A8E570 /* TwitContent.swift in Sources */ = {isa = PBXBuildFile; fileRef = 1DE7A5062A48320700A8E570 /* TwitContent.swift */; };
		1DE7A5092A48322700A8E570 /* TwitFooter.swift in Sources */ = {isa = PBXBuildFile; fileRef = 1DE7A5082A48322700A8E570 /* TwitFooter.swift */; };
		1DE7A50B2A48348A00A8E570 /* TwitBOX.swift in Sources */ = {isa = PBXBuildFile; fileRef = 1DE7A50A2A48348A00A8E570 /* TwitBOX.swift */; };
/* End PBXBuildFile section */

/* Begin PBXFileReference section */
		1D2038822A38DC0C00BE49A2 /* SwiftUITutorial.app */ = {isa = PBXFileReference; explicitFileType = wrapper.application; includeInIndex = 0; path = SwiftUITutorial.app; sourceTree = BUILT_PRODUCTS_DIR; };
		1D2038852A38DC0C00BE49A2 /* SwiftUITutorialApp.swift */ = {isa = PBXFileReference; lastKnownFileType = sourcecode.swift; path = SwiftUITutorialApp.swift; sourceTree = "<group>"; };
		1D2038872A38DC0C00BE49A2 /* ContentView.swift */ = {isa = PBXFileReference; lastKnownFileType = sourcecode.swift; path = ContentView.swift; sourceTree = "<group>"; };
		1D2038892A38DC0D00BE49A2 /* Assets.xcassets */ = {isa = PBXFileReference; lastKnownFileType = folder.assetcatalog; path = Assets.xcassets; sourceTree = "<group>"; };
		1D20388C2A38DC0D00BE49A2 /* Preview Assets.xcassets */ = {isa = PBXFileReference; lastKnownFileType = folder.assetcatalog; path = "Preview Assets.xcassets"; sourceTree = "<group>"; };
		1D2038942A38EC0F00BE49A2 /* VHStackSample.swift */ = {isa = PBXFileReference; lastKnownFileType = sourcecode.swift; path = VHStackSample.swift; sourceTree = "<group>"; };
		1D2038962A38EC9500BE49A2 /* TextElement.swift */ = {isa = PBXFileReference; lastKnownFileType = sourcecode.swift; path = TextElement.swift; sourceTree = "<group>"; };
		1D37BE092A46CE1A001AEE30 /* InputSample4.swift */ = {isa = PBXFileReference; lastKnownFileType = sourcecode.swift; path = InputSample4.swift; sourceTree = "<group>"; };
		1D37BE0B2A46CF92001AEE30 /* NameListSample.swift */ = {isa = PBXFileReference; lastKnownFileType = sourcecode.swift; path = NameListSample.swift; sourceTree = "<group>"; };
		1D37BE0D2A46D184001AEE30 /* ProductListSample.swift */ = {isa = PBXFileReference; lastKnownFileType = sourcecode.swift; path = ProductListSample.swift; sourceTree = "<group>"; };
		1D37BE0F2A46D66E001AEE30 /* CelciusToFahrenheit.swift */ = {isa = PBXFileReference; lastKnownFileType = sourcecode.swift; path = CelciusToFahrenheit.swift; sourceTree = "<group>"; };
		1D37BE112A46DC29001AEE30 /* RandomImage.swift */ = {isa = PBXFileReference; lastKnownFileType = sourcecode.swift; path = RandomImage.swift; sourceTree = "<group>"; };
		1D37BE142A46DEFC001AEE30 /* SystemImageSample.swift */ = {isa = PBXFileReference; lastKnownFileType = sourcecode.swift; path = SystemImageSample.swift; sourceTree = "<group>"; };
		1D37BE162A46E235001AEE30 /* SayisalLotoApp.swift */ = {isa = PBXFileReference; lastKnownFileType = sourcecode.swift; path = SayisalLotoApp.swift; sourceTree = "<group>"; };
		1D37BE182A46EBD8001AEE30 /* ListSearchSample.swift */ = {isa = PBXFileReference; lastKnownFileType = sourcecode.swift; path = ListSearchSample.swift; sourceTree = "<group>"; };
		1D37BE1A2A46EFDC001AEE30 /* RandomSizeButton.swift */ = {isa = PBXFileReference; lastKnownFileType = sourcecode.swift; path = RandomSizeButton.swift; sourceTree = "<group>"; };
		1D37BE1C2A46F2F4001AEE30 /* DiceRoller.swift */ = {isa = PBXFileReference; lastKnownFileType = sourcecode.swift; path = DiceRoller.swift; sourceTree = "<group>"; };
		1D37BE1E2A46F973001AEE30 /* ToggleSample.swift */ = {isa = PBXFileReference; lastKnownFileType = sourcecode.swift; path = ToggleSample.swift; sourceTree = "<group>"; };
		1D37BE232A46FC44001AEE30 /* ImageGallery.swift */ = {isa = PBXFileReference; lastKnownFileType = sourcecode.swift; path = ImageGallery.swift; sourceTree = "<group>"; };
		1D37BE252A46FDA0001AEE30 /* ImageButton.swift */ = {isa = PBXFileReference; lastKnownFileType = sourcecode.swift; path = ImageButton.swift; sourceTree = "<group>"; };
		1D37BE282A48202B001AEE30 /* StructSample.swift */ = {isa = PBXFileReference; lastKnownFileType = sourcecode.swift; path = StructSample.swift; sourceTree = "<group>"; };
		1D43AFCB2A44AB0E00AB8903 /* StateInputSample.swift */ = {isa = PBXFileReference; lastKnownFileType = sourcecode.swift; path = StateInputSample.swift; sourceTree = "<group>"; };
		1D43AFCE2A44AD7000AB8903 /* InputSample.swift */ = {isa = PBXFileReference; lastKnownFileType = sourcecode.swift; path = InputSample.swift; sourceTree = "<group>"; };
		1D43AFD02A44AF2000AB8903 /* InputSample2.swift */ = {isa = PBXFileReference; lastKnownFileType = sourcecode.swift; path = InputSample2.swift; sourceTree = "<group>"; };
		1D43AFD22A44B08A00AB8903 /* InputSample3.swift */ = {isa = PBXFileReference; lastKnownFileType = sourcecode.swift; path = InputSample3.swift; sourceTree = "<group>"; };
		1D43AFD42A44B3B900AB8903 /* InputArraySample.swift */ = {isa = PBXFileReference; lastKnownFileType = sourcecode.swift; path = InputArraySample.swift; sourceTree = "<group>"; };
		1D7597242A594B6D0051588C /* PickerSample.swift */ = {isa = PBXFileReference; lastKnownFileType = sourcecode.swift; path = PickerSample.swift; sourceTree = "<group>"; };
		1D75972A2A59614A0051588C /* CounterSample.swift */ = {isa = PBXFileReference; lastKnownFileType = sourcecode.swift; path = CounterSample.swift; sourceTree = "<group>"; };
		1D7597412A5A9FD20051588C /* MetalBands.swift */ = {isa = PBXFileReference; lastKnownFileType = sourcecode.swift; path = MetalBands.swift; sourceTree = "<group>"; };
		1D7597432A5AA0490051588C /* Detail.swift */ = {isa = PBXFileReference; lastKnownFileType = sourcecode.swift; path = Detail.swift; sourceTree = "<group>"; };
		1D7597482A5ABCEF0051588C /* CounterParent.swift */ = {isa = PBXFileReference; lastKnownFileType = sourcecode.swift; path = CounterParent.swift; sourceTree = "<group>"; };
		1D75974A2A5ABD010051588C /* CounterChild.swift */ = {isa = PBXFileReference; lastKnownFileType = sourcecode.swift; path = CounterChild.swift; sourceTree = "<group>"; };
		1D7A90FD2A48381C00362507 /* TwitLikeSample.swift */ = {isa = PBXFileReference; lastKnownFileType = sourcecode.swift; path = TwitLikeSample.swift; sourceTree = "<group>"; };
		1D7A90FF2A483F6000362507 /* SliderSample.swift */ = {isa = PBXFileReference; lastKnownFileType = sourcecode.swift; path = SliderSample.swift; sourceTree = "<group>"; };
		1D7A91022A48426400362507 /* TicTacToeGame.swift */ = {isa = PBXFileReference; lastKnownFileType = sourcecode.swift; path = TicTacToeGame.swift; sourceTree = "<group>"; };
		1DB8E7DF2A3D961300DF1AF9 /* Template1.swift */ = {isa = PBXFileReference; lastKnownFileType = sourcecode.swift; path = Template1.swift; sourceTree = "<group>"; };
		1DB8E7E12A3DA18500DF1AF9 /* PaddingSample.swift */ = {isa = PBXFileReference; lastKnownFileType = sourcecode.swift; path = PaddingSample.swift; sourceTree = "<group>"; };
		1DB8E7E32A3DA65E00DF1AF9 /* Template2.swift */ = {isa = PBXFileReference; lastKnownFileType = sourcecode.swift; path = Template2.swift; sourceTree = "<group>"; };
		1DB8E7E52A3DA70A00DF1AF9 /* ImageElement.swift */ = {isa = PBXFileReference; lastKnownFileType = sourcecode.swift; path = ImageElement.swift; sourceTree = "<group>"; };
		1DB8E7E72A3DB4CB00DF1AF9 /* ZSample.swift */ = {isa = PBXFileReference; lastKnownFileType = sourcecode.swift; path = ZSample.swift; sourceTree = "<group>"; };
		1DB8E7EA2A3DC49400DF1AF9 /* Header.swift */ = {isa = PBXFileReference; lastKnownFileType = sourcecode.swift; path = Header.swift; sourceTree = "<group>"; };
		1DB8E7EC2A3DC4CF00DF1AF9 /* List.swift */ = {isa = PBXFileReference; lastKnownFileType = sourcecode.swift; path = List.swift; sourceTree = "<group>"; };
		1DB8E7EE2A3DC51B00DF1AF9 /* Products.swift */ = {isa = PBXFileReference; lastKnownFileType = sourcecode.swift; path = Products.swift; sourceTree = "<group>"; };
		1DB8E7F12A40B57800DF1AF9 /* StateIntro.swift */ = {isa = PBXFileReference; lastKnownFileType = sourcecode.swift; path = StateIntro.swift; sourceTree = "<group>"; };
		1DB8E7F32A40B62B00DF1AF9 /* ButtonElement.swift */ = {isa = PBXFileReference; lastKnownFileType = sourcecode.swift; path = ButtonElement.swift; sourceTree = "<group>"; };
		1DB8E7F52A40B72E00DF1AF9 /* StateArraySample.swift */ = {isa = PBXFileReference; lastKnownFileType = sourcecode.swift; path = StateArraySample.swift; sourceTree = "<group>"; };
		1DB8E7F72A40B7B700DF1AF9 /* ListElement.swift */ = {isa = PBXFileReference; lastKnownFileType = sourcecode.swift; path = ListElement.swift; sourceTree = "<group>"; };
		1DB8E7F92A40BB2200DF1AF9 /* StateArraySample2.swift */ = {isa = PBXFileReference; lastKnownFileType = sourcecode.swift; path = StateArraySample2.swift; sourceTree = "<group>"; };
		1DB8E7FB2A40BBF800DF1AF9 /* StateArraySample3.swift */ = {isa = PBXFileReference; lastKnownFileType = sourcecode.swift; path = StateArraySample3.swift; sourceTree = "<group>"; };
		1DB8E7FD2A40C1FD00DF1AF9 /* StateArraySample4.swift */ = {isa = PBXFileReference; lastKnownFileType = sourcecode.swift; path = StateArraySample4.swift; sourceTree = "<group>"; };
		1DB8E7FF2A40C2E500DF1AF9 /* CounterState.swift */ = {isa = PBXFileReference; lastKnownFileType = sourcecode.swift; path = CounterState.swift; sourceTree = "<group>"; };
		1DB8E8012A40C3B300DF1AF9 /* StateArraySample5.swift */ = {isa = PBXFileReference; lastKnownFileType = sourcecode.swift; path = StateArraySample5.swift; sourceTree = "<group>"; };
		1DB8E8032A40C4E900DF1AF9 /* StateDesignSample.swift */ = {isa = PBXFileReference; lastKnownFileType = sourcecode.swift; path = StateDesignSample.swift; sourceTree = "<group>"; };
		1DB8E8052A40C68900DF1AF9 /* StateDesignSample2.swift */ = {isa = PBXFileReference; lastKnownFileType = sourcecode.swift; path = StateDesignSample2.swift; sourceTree = "<group>"; };
		1DE7A4FC2A4826AA00A8E570 /* TwitModel.swift */ = {isa = PBXFileReference; lastKnownFileType = sourcecode.swift; path = TwitModel.swift; sourceTree = "<group>"; };
		1DE7A5002A48271700A8E570 /* TwitterHeader.swift */ = {isa = PBXFileReference; lastKnownFileType = sourcecode.swift; path = TwitterHeader.swift; sourceTree = "<group>"; };
		1DE7A5022A4827CE00A8E570 /* TwitterMainScreen.swift */ = {isa = PBXFileReference; lastKnownFileType = sourcecode.swift; path = TwitterMainScreen.swift; sourceTree = "<group>"; };
		1DE7A5042A4831D500A8E570 /* TwitUserHeader.swift */ = {isa = PBXFileReference; lastKnownFileType = sourcecode.swift; path = TwitUserHeader.swift; sourceTree = "<group>"; };
		1DE7A5062A48320700A8E570 /* TwitContent.swift */ = {isa = PBXFileReference; lastKnownFileType = sourcecode.swift; path = TwitContent.swift; sourceTree = "<group>"; };
		1DE7A5082A48322700A8E570 /* TwitFooter.swift */ = {isa = PBXFileReference; lastKnownFileType = sourcecode.swift; path = TwitFooter.swift; sourceTree = "<group>"; };
		1DE7A50A2A48348A00A8E570 /* TwitBOX.swift */ = {isa = PBXFileReference; lastKnownFileType = sourcecode.swift; path = TwitBOX.swift; sourceTree = "<group>"; };
/* End PBXFileReference section */

/* Begin PBXFrameworksBuildPhase section */
		1D20387F2A38DC0C00BE49A2 /* Frameworks */ = {
			isa = PBXFrameworksBuildPhase;
			buildActionMask = 2147483647;
			files = (
			);
			runOnlyForDeploymentPostprocessing = 0;
		};
/* End PBXFrameworksBuildPhase section */

/* Begin PBXGroup section */
		1D2038792A38DC0C00BE49A2 = {
			isa = PBXGroup;
			children = (
				1D2038842A38DC0C00BE49A2 /* SwiftUITutorial */,
				1D2038832A38DC0C00BE49A2 /* Products */,
			);
			sourceTree = "<group>";
		};
		1D2038832A38DC0C00BE49A2 /* Products */ = {
			isa = PBXGroup;
			children = (
				1D2038822A38DC0C00BE49A2 /* SwiftUITutorial.app */,
			);
			name = Products;
			sourceTree = "<group>";
		};
		1D2038842A38DC0C00BE49A2 /* SwiftUITutorial */ = {
			isa = PBXGroup;
			children = (
				1D7597472A5ABCDF0051588C /* BindingSample */,
				1D7597402A5A9FB60051588C /* NavigationSample */,
				1D7597292A5961290051588C /* StorageSamples */,
				1D7A91012A48425A00362507 /* Games */,
				1DE7A4FA2A48257B00A8E570 /* CloneTemplates */,
				1D37BE272A48201C001AEE30 /* StructSample */,
				1D37BE202A46FB0D001AEE30 /* TimerSample */,
				1D37BE132A46DD03001AEE30 /* IntroSamples */,
				1DB8E7F02A40B54400DF1AF9 /* StateSamples */,
				1DB8E7DE2A3D95FE00DF1AF9 /* TemplateSamples */,
				1D2038932A38EBD600BE49A2 /* UIElements */,
				1D2038852A38DC0C00BE49A2 /* SwiftUITutorialApp.swift */,
				1D2038872A38DC0C00BE49A2 /* ContentView.swift */,
				1D2038892A38DC0D00BE49A2 /* Assets.xcassets */,
				1D20388B2A38DC0D00BE49A2 /* Preview Content */,
			);
			path = SwiftUITutorial;
			sourceTree = "<group>";
		};
		1D20388B2A38DC0D00BE49A2 /* Preview Content */ = {
			isa = PBXGroup;
			children = (
				1D20388C2A38DC0D00BE49A2 /* Preview Assets.xcassets */,
			);
			path = "Preview Content";
			sourceTree = "<group>";
		};
		1D2038932A38EBD600BE49A2 /* UIElements */ = {
			isa = PBXGroup;
			children = (
				1D2038942A38EC0F00BE49A2 /* VHStackSample.swift */,
				1D2038962A38EC9500BE49A2 /* TextElement.swift */,
				1DB8E7E52A3DA70A00DF1AF9 /* ImageElement.swift */,
				1DB8E7E72A3DB4CB00DF1AF9 /* ZSample.swift */,
				1DB8E7F32A40B62B00DF1AF9 /* ButtonElement.swift */,
				1DB8E7F72A40B7B700DF1AF9 /* ListElement.swift */,
				1D7597242A594B6D0051588C /* PickerSample.swift */,
			);
			path = UIElements;
			sourceTree = "<group>";
		};
		1D37BE132A46DD03001AEE30 /* IntroSamples */ = {
			isa = PBXGroup;
			children = (
				1D37BE0F2A46D66E001AEE30 /* CelciusToFahrenheit.swift */,
				1D37BE112A46DC29001AEE30 /* RandomImage.swift */,
				1D37BE142A46DEFC001AEE30 /* SystemImageSample.swift */,
				1D37BE162A46E235001AEE30 /* SayisalLotoApp.swift */,
				1D37BE182A46EBD8001AEE30 /* ListSearchSample.swift */,
				1D37BE1A2A46EFDC001AEE30 /* RandomSizeButton.swift */,
				1D37BE1C2A46F2F4001AEE30 /* DiceRoller.swift */,
				1D37BE1E2A46F973001AEE30 /* ToggleSample.swift */,
				1D7A90FF2A483F6000362507 /* SliderSample.swift */,
			);
			path = IntroSamples;
			sourceTree = "<group>";
		};
		1D37BE202A46FB0D001AEE30 /* TimerSample */ = {
			isa = PBXGroup;
			children = (
			);
			path = TimerSample;
			sourceTree = "<group>";
		};
		1D37BE272A48201C001AEE30 /* StructSample */ = {
			isa = PBXGroup;
			children = (
				1D37BE282A48202B001AEE30 /* StructSample.swift */,
			);
			path = StructSample;
			sourceTree = "<group>";
		};
		1D43AFCD2A44AD1800AB8903 /* StateInputSample */ = {
			isa = PBXGroup;
			children = (
				1D43AFCE2A44AD7000AB8903 /* InputSample.swift */,
				1D43AFD02A44AF2000AB8903 /* InputSample2.swift */,
				1D43AFD22A44B08A00AB8903 /* InputSample3.swift */,
				1D43AFD42A44B3B900AB8903 /* InputArraySample.swift */,
				1D37BE092A46CE1A001AEE30 /* InputSample4.swift */,
				1D37BE0B2A46CF92001AEE30 /* NameListSample.swift */,
				1D37BE0D2A46D184001AEE30 /* ProductListSample.swift */,
			);
			path = StateInputSample;
			sourceTree = "<group>";
		};
		1D7597292A5961290051588C /* StorageSamples */ = {
			isa = PBXGroup;
			children = (
				1D75972A2A59614A0051588C /* CounterSample.swift */,
			);
			path = StorageSamples;
			sourceTree = "<group>";
		};
		1D7597402A5A9FB60051588C /* NavigationSample */ = {
			isa = PBXGroup;
			children = (
				1D7597412A5A9FD20051588C /* MetalBands.swift */,
				1D7597432A5AA0490051588C /* Detail.swift */,
			);
			path = NavigationSample;
			sourceTree = "<group>";
		};
		1D7597472A5ABCDF0051588C /* BindingSample */ = {
			isa = PBXGroup;
			children = (
				1D7597482A5ABCEF0051588C /* CounterParent.swift */,
				1D75974A2A5ABD010051588C /* CounterChild.swift */,
			);
			path = BindingSample;
			sourceTree = "<group>";
		};
		1D7A91012A48425A00362507 /* Games */ = {
			isa = PBXGroup;
			children = (
				1D7A91022A48426400362507 /* TicTacToeGame.swift */,
			);
			path = Games;
			sourceTree = "<group>";
		};
		1DB8E7DE2A3D95FE00DF1AF9 /* TemplateSamples */ = {
			isa = PBXGroup;
			children = (
				1DB8E7E92A3DC46700DF1AF9 /* Template2 */,
				1DB8E7DF2A3D961300DF1AF9 /* Template1.swift */,
				1DB8E7E12A3DA18500DF1AF9 /* PaddingSample.swift */,
			);
			path = TemplateSamples;
			sourceTree = "<group>";
		};
		1DB8E7E92A3DC46700DF1AF9 /* Template2 */ = {
			isa = PBXGroup;
			children = (
				1DB8E7E32A3DA65E00DF1AF9 /* Template2.swift */,
				1DB8E7EA2A3DC49400DF1AF9 /* Header.swift */,
				1DB8E7EC2A3DC4CF00DF1AF9 /* List.swift */,
				1DB8E7EE2A3DC51B00DF1AF9 /* Products.swift */,
			);
			path = Template2;
			sourceTree = "<group>";
		};
		1DB8E7F02A40B54400DF1AF9 /* StateSamples */ = {
			isa = PBXGroup;
			children = (
				1D43AFCD2A44AD1800AB8903 /* StateInputSample */,
				1DB8E7F12A40B57800DF1AF9 /* StateIntro.swift */,
				1DB8E7F52A40B72E00DF1AF9 /* StateArraySample.swift */,
				1DB8E7F92A40BB2200DF1AF9 /* StateArraySample2.swift */,
				1DB8E7FB2A40BBF800DF1AF9 /* StateArraySample3.swift */,
				1DB8E7FD2A40C1FD00DF1AF9 /* StateArraySample4.swift */,
				1DB8E7FF2A40C2E500DF1AF9 /* CounterState.swift */,
				1DB8E8012A40C3B300DF1AF9 /* StateArraySample5.swift */,
				1DB8E8032A40C4E900DF1AF9 /* StateDesignSample.swift */,
				1DB8E8052A40C68900DF1AF9 /* StateDesignSample2.swift */,
				1D43AFCB2A44AB0E00AB8903 /* StateInputSample.swift */,
				1D37BE232A46FC44001AEE30 /* ImageGallery.swift */,
				1D37BE252A46FDA0001AEE30 /* ImageButton.swift */,
				1D7A90FD2A48381C00362507 /* TwitLikeSample.swift */,
			);
			path = StateSamples;
			sourceTree = "<group>";
		};
		1DE7A4FA2A48257B00A8E570 /* CloneTemplates */ = {
			isa = PBXGroup;
			children = (
				1DE7A4FB2A48264A00A8E570 /* Twitter */,
			);
			path = CloneTemplates;
			sourceTree = "<group>";
		};
		1DE7A4FB2A48264A00A8E570 /* Twitter */ = {
			isa = PBXGroup;
			children = (
				1DE7A4FC2A4826AA00A8E570 /* TwitModel.swift */,
				1DE7A5002A48271700A8E570 /* TwitterHeader.swift */,
				1DE7A5022A4827CE00A8E570 /* TwitterMainScreen.swift */,
				1DE7A5042A4831D500A8E570 /* TwitUserHeader.swift */,
				1DE7A5062A48320700A8E570 /* TwitContent.swift */,
				1DE7A5082A48322700A8E570 /* TwitFooter.swift */,
				1DE7A50A2A48348A00A8E570 /* TwitBOX.swift */,
			);
			path = Twitter;
			sourceTree = "<group>";
		};
/* End PBXGroup section */

/* Begin PBXNativeTarget section */
		1D2038812A38DC0C00BE49A2 /* SwiftUITutorial */ = {
			isa = PBXNativeTarget;
			buildConfigurationList = 1D2038902A38DC0D00BE49A2 /* Build configuration list for PBXNativeTarget "SwiftUITutorial" */;
			buildPhases = (
				1D20387E2A38DC0C00BE49A2 /* Sources */,
				1D20387F2A38DC0C00BE49A2 /* Frameworks */,
				1D2038802A38DC0C00BE49A2 /* Resources */,
			);
			buildRules = (
			);
			dependencies = (
			);
			name = SwiftUITutorial;
			productName = SwiftUITutorial;
			productReference = 1D2038822A38DC0C00BE49A2 /* SwiftUITutorial.app */;
			productType = "com.apple.product-type.application";
		};
/* End PBXNativeTarget section */

/* Begin PBXProject section */
		1D20387A2A38DC0C00BE49A2 /* Project object */ = {
			isa = PBXProject;
			attributes = {
				BuildIndependentTargetsInParallel = 1;
				LastSwiftUpdateCheck = 1420;
				LastUpgradeCheck = 1420;
				TargetAttributes = {
					1D2038812A38DC0C00BE49A2 = {
						CreatedOnToolsVersion = 14.2;
					};
				};
			};
			buildConfigurationList = 1D20387D2A38DC0C00BE49A2 /* Build configuration list for PBXProject "SwiftUITutorial" */;
			compatibilityVersion = "Xcode 14.0";
			developmentRegion = en;
			hasScannedForEncodings = 0;
			knownRegions = (
				en,
				Base,
			);
			mainGroup = 1D2038792A38DC0C00BE49A2;
			productRefGroup = 1D2038832A38DC0C00BE49A2 /* Products */;
			projectDirPath = "";
			projectRoot = "";
			targets = (
				1D2038812A38DC0C00BE49A2 /* SwiftUITutorial */,
			);
		};
/* End PBXProject section */

/* Begin PBXResourcesBuildPhase section */
		1D2038802A38DC0C00BE49A2 /* Resources */ = {
			isa = PBXResourcesBuildPhase;
			buildActionMask = 2147483647;
			files = (
				1D20388D2A38DC0D00BE49A2 /* Preview Assets.xcassets in Resources */,
				1D20388A2A38DC0D00BE49A2 /* Assets.xcassets in Resources */,
			);
			runOnlyForDeploymentPostprocessing = 0;
		};
/* End PBXResourcesBuildPhase section */

/* Begin PBXSourcesBuildPhase section */
		1D20387E2A38DC0C00BE49A2 /* Sources */ = {
			isa = PBXSourcesBuildPhase;
			buildActionMask = 2147483647;
			files = (
				1DB8E7EB2A3DC49400DF1AF9 /* Header.swift in Sources */,
				1D2038882A38DC0C00BE49A2 /* ContentView.swift in Sources */,
				1DB8E8022A40C3B300DF1AF9 /* StateArraySample5.swift in Sources */,
				1D37BE1B2A46EFDC001AEE30 /* RandomSizeButton.swift in Sources */,
				1DB8E7FE2A40C1FD00DF1AF9 /* StateArraySample4.swift in Sources */,
				1DB8E7F82A40B7B700DF1AF9 /* ListElement.swift in Sources */,
				1D7597252A594B6D0051588C /* PickerSample.swift in Sources */,
				1DB8E7E02A3D961300DF1AF9 /* Template1.swift in Sources */,
				1DB8E7E62A3DA70A00DF1AF9 /* ImageElement.swift in Sources */,
				1D75974B2A5ABD010051588C /* CounterChild.swift in Sources */,
				1D37BE122A46DC29001AEE30 /* RandomImage.swift in Sources */,
				1DB8E8062A40C68900DF1AF9 /* StateDesignSample2.swift in Sources */,
				1DB8E8002A40C2E500DF1AF9 /* CounterState.swift in Sources */,
				1D7597422A5A9FD20051588C /* MetalBands.swift in Sources */,
				1DE7A5072A48320700A8E570 /* TwitContent.swift in Sources */,
				1D7A90FE2A48381C00362507 /* TwitLikeSample.swift in Sources */,
				1DB8E7F22A40B57800DF1AF9 /* StateIntro.swift in Sources */,
				1D43AFD52A44B3B900AB8903 /* InputArraySample.swift in Sources */,
				1D2038952A38EC0F00BE49A2 /* VHStackSample.swift in Sources */,
				1D37BE1F2A46F973001AEE30 /* ToggleSample.swift in Sources */,
				1D37BE1D2A46F2F4001AEE30 /* DiceRoller.swift in Sources */,
				1D37BE242A46FC44001AEE30 /* ImageGallery.swift in Sources */,
				1D43AFD32A44B08A00AB8903 /* InputSample3.swift in Sources */,
				1D37BE172A46E235001AEE30 /* SayisalLotoApp.swift in Sources */,
				1DB8E7E42A3DA65E00DF1AF9 /* Template2.swift in Sources */,
				1DB8E7ED2A3DC4CF00DF1AF9 /* List.swift in Sources */,
				1DB8E7FA2A40BB2200DF1AF9 /* StateArraySample2.swift in Sources */,
				1D37BE292A48202B001AEE30 /* StructSample.swift in Sources */,
				1DB8E7F42A40B62B00DF1AF9 /* ButtonElement.swift in Sources */,
				1DB8E7F62A40B72E00DF1AF9 /* StateArraySample.swift in Sources */,
				1D37BE262A46FDA0001AEE30 /* ImageButton.swift in Sources */,
				1DB8E8042A40C4E900DF1AF9 /* StateDesignSample.swift in Sources */,
				1D7597492A5ABCEF0051588C /* CounterParent.swift in Sources */,
				1D2038862A38DC0C00BE49A2 /* SwiftUITutorialApp.swift in Sources */,
				1D2038972A38EC9500BE49A2 /* TextElement.swift in Sources */,
				1D43AFCF2A44AD7000AB8903 /* InputSample.swift in Sources */,
				1DE7A5032A4827CE00A8E570 /* TwitterMainScreen.swift in Sources */,
				1DE7A5012A48271700A8E570 /* TwitterHeader.swift in Sources */,
				1DE7A4FD2A4826AA00A8E570 /* TwitModel.swift in Sources */,
				1DE7A50B2A48348A00A8E570 /* TwitBOX.swift in Sources */,
				1DE7A5092A48322700A8E570 /* TwitFooter.swift in Sources */,
				1DE7A5052A4831D500A8E570 /* TwitUserHeader.swift in Sources */,
				1D37BE0C2A46CF92001AEE30 /* NameListSample.swift in Sources */,
				1DB8E7EF2A3DC51B00DF1AF9 /* Products.swift in Sources */,
				1D7A91032A48426400362507 /* TicTacToeGame.swift in Sources */,
				1D75972B2A59614A0051588C /* CounterSample.swift in Sources */,
				1D43AFD12A44AF2000AB8903 /* InputSample2.swift in Sources */,
				1D7A91002A483F6000362507 /* SliderSample.swift in Sources */,
				1D43AFCC2A44AB0E00AB8903 /* StateInputSample.swift in Sources */,
				1DB8E7FC2A40BBF800DF1AF9 /* StateArraySample3.swift in Sources */,
				1D37BE192A46EBD8001AEE30 /* ListSearchSample.swift in Sources */,
				1D37BE152A46DEFC001AEE30 /* SystemImageSample.swift in Sources */,
				1D7597442A5AA0490051588C /* Detail.swift in Sources */,
				1D37BE0E2A46D184001AEE30 /* ProductListSample.swift in Sources */,
				1DB8E7E22A3DA18500DF1AF9 /* PaddingSample.swift in Sources */,
				1D37BE102A46D66E001AEE30 /* CelciusToFahrenheit.swift in Sources */,
				1D37BE0A2A46CE1A001AEE30 /* InputSample4.swift in Sources */,
				1DB8E7E82A3DB4CB00DF1AF9 /* ZSample.swift in Sources */,
			);
			runOnlyForDeploymentPostprocessing = 0;
		};
/* End PBXSourcesBuildPhase section */

/* Begin XCBuildConfiguration section */
		1D20388E2A38DC0D00BE49A2 /* Debug */ = {
			isa = XCBuildConfiguration;
			buildSettings = {
				ALWAYS_SEARCH_USER_PATHS = NO;
				CLANG_ANALYZER_NONNULL = YES;
				CLANG_ANALYZER_NUMBER_OBJECT_CONVERSION = YES_AGGRESSIVE;
				CLANG_CXX_LANGUAGE_STANDARD = "gnu++20";
				CLANG_ENABLE_MODULES = YES;
				CLANG_ENABLE_OBJC_ARC = YES;
				CLANG_ENABLE_OBJC_WEAK = YES;
				CLANG_WARN_BLOCK_CAPTURE_AUTORELEASING = YES;
				CLANG_WARN_BOOL_CONVERSION = YES;
				CLANG_WARN_COMMA = YES;
				CLANG_WARN_CONSTANT_CONVERSION = YES;
				CLANG_WARN_DEPRECATED_OBJC_IMPLEMENTATIONS = YES;
				CLANG_WARN_DIRECT_OBJC_ISA_USAGE = YES_ERROR;
				CLANG_WARN_DOCUMENTATION_COMMENTS = YES;
				CLANG_WARN_EMPTY_BODY = YES;
				CLANG_WARN_ENUM_CONVERSION = YES;
				CLANG_WARN_INFINITE_RECURSION = YES;
				CLANG_WARN_INT_CONVERSION = YES;
				CLANG_WARN_NON_LITERAL_NULL_CONVERSION = YES;
				CLANG_WARN_OBJC_IMPLICIT_RETAIN_SELF = YES;
				CLANG_WARN_OBJC_LITERAL_CONVERSION = YES;
				CLANG_WARN_OBJC_ROOT_CLASS = YES_ERROR;
				CLANG_WARN_QUOTED_INCLUDE_IN_FRAMEWORK_HEADER = YES;
				CLANG_WARN_RANGE_LOOP_ANALYSIS = YES;
				CLANG_WARN_STRICT_PROTOTYPES = YES;
				CLANG_WARN_SUSPICIOUS_MOVE = YES;
				CLANG_WARN_UNGUARDED_AVAILABILITY = YES_AGGRESSIVE;
				CLANG_WARN_UNREACHABLE_CODE = YES;
				CLANG_WARN__DUPLICATE_METHOD_MATCH = YES;
				COPY_PHASE_STRIP = NO;
				DEBUG_INFORMATION_FORMAT = dwarf;
				ENABLE_STRICT_OBJC_MSGSEND = YES;
				ENABLE_TESTABILITY = YES;
				GCC_C_LANGUAGE_STANDARD = gnu11;
				GCC_DYNAMIC_NO_PIC = NO;
				GCC_NO_COMMON_BLOCKS = YES;
				GCC_OPTIMIZATION_LEVEL = 0;
				GCC_PREPROCESSOR_DEFINITIONS = (
					"DEBUG=1",
					"$(inherited)",
				);
				GCC_WARN_64_TO_32_BIT_CONVERSION = YES;
				GCC_WARN_ABOUT_RETURN_TYPE = YES_ERROR;
				GCC_WARN_UNDECLARED_SELECTOR = YES;
				GCC_WARN_UNINITIALIZED_AUTOS = YES_AGGRESSIVE;
				GCC_WARN_UNUSED_FUNCTION = YES;
				GCC_WARN_UNUSED_VARIABLE = YES;
				IPHONEOS_DEPLOYMENT_TARGET = 16.2;
				MTL_ENABLE_DEBUG_INFO = INCLUDE_SOURCE;
				MTL_FAST_MATH = YES;
				ONLY_ACTIVE_ARCH = YES;
				SDKROOT = iphoneos;
				SWIFT_ACTIVE_COMPILATION_CONDITIONS = DEBUG;
				SWIFT_OPTIMIZATION_LEVEL = "-Onone";
			};
			name = Debug;
		};
		1D20388F2A38DC0D00BE49A2 /* Release */ = {
			isa = XCBuildConfiguration;
			buildSettings = {
				ALWAYS_SEARCH_USER_PATHS = NO;
				CLANG_ANALYZER_NONNULL = YES;
				CLANG_ANALYZER_NUMBER_OBJECT_CONVERSION = YES_AGGRESSIVE;
				CLANG_CXX_LANGUAGE_STANDARD = "gnu++20";
				CLANG_ENABLE_MODULES = YES;
				CLANG_ENABLE_OBJC_ARC = YES;
				CLANG_ENABLE_OBJC_WEAK = YES;
				CLANG_WARN_BLOCK_CAPTURE_AUTORELEASING = YES;
				CLANG_WARN_BOOL_CONVERSION = YES;
				CLANG_WARN_COMMA = YES;
				CLANG_WARN_CONSTANT_CONVERSION = YES;
				CLANG_WARN_DEPRECATED_OBJC_IMPLEMENTATIONS = YES;
				CLANG_WARN_DIRECT_OBJC_ISA_USAGE = YES_ERROR;
				CLANG_WARN_DOCUMENTATION_COMMENTS = YES;
				CLANG_WARN_EMPTY_BODY = YES;
				CLANG_WARN_ENUM_CONVERSION = YES;
				CLANG_WARN_INFINITE_RECURSION = YES;
				CLANG_WARN_INT_CONVERSION = YES;
				CLANG_WARN_NON_LITERAL_NULL_CONVERSION = YES;
				CLANG_WARN_OBJC_IMPLICIT_RETAIN_SELF = YES;
				CLANG_WARN_OBJC_LITERAL_CONVERSION = YES;
				CLANG_WARN_OBJC_ROOT_CLASS = YES_ERROR;
				CLANG_WARN_QUOTED_INCLUDE_IN_FRAMEWORK_HEADER = YES;
				CLANG_WARN_RANGE_LOOP_ANALYSIS = YES;
				CLANG_WARN_STRICT_PROTOTYPES = YES;
				CLANG_WARN_SUSPICIOUS_MOVE = YES;
				CLANG_WARN_UNGUARDED_AVAILABILITY = YES_AGGRESSIVE;
				CLANG_WARN_UNREACHABLE_CODE = YES;
				CLANG_WARN__DUPLICATE_METHOD_MATCH = YES;
				COPY_PHASE_STRIP = NO;
				DEBUG_INFORMATION_FORMAT = "dwarf-with-dsym";
				ENABLE_NS_ASSERTIONS = NO;
				ENABLE_STRICT_OBJC_MSGSEND = YES;
				GCC_C_LANGUAGE_STANDARD = gnu11;
				GCC_NO_COMMON_BLOCKS = YES;
				GCC_WARN_64_TO_32_BIT_CONVERSION = YES;
				GCC_WARN_ABOUT_RETURN_TYPE = YES_ERROR;
				GCC_WARN_UNDECLARED_SELECTOR = YES;
				GCC_WARN_UNINITIALIZED_AUTOS = YES_AGGRESSIVE;
				GCC_WARN_UNUSED_FUNCTION = YES;
				GCC_WARN_UNUSED_VARIABLE = YES;
				IPHONEOS_DEPLOYMENT_TARGET = 16.2;
				MTL_ENABLE_DEBUG_INFO = NO;
				MTL_FAST_MATH = YES;
				SDKROOT = iphoneos;
				SWIFT_COMPILATION_MODE = wholemodule;
				SWIFT_OPTIMIZATION_LEVEL = "-O";
				VALIDATE_PRODUCT = YES;
			};
			name = Release;
		};
		1D2038912A38DC0D00BE49A2 /* Debug */ = {
			isa = XCBuildConfiguration;
			buildSettings = {
				ASSETCATALOG_COMPILER_APPICON_NAME = AppIcon;
				ASSETCATALOG_COMPILER_GLOBAL_ACCENT_COLOR_NAME = AccentColor;
				CODE_SIGN_STYLE = Automatic;
				CURRENT_PROJECT_VERSION = 1;
				DEVELOPMENT_ASSET_PATHS = "\"SwiftUITutorial/Preview Content\"";
				DEVELOPMENT_TEAM = 5WJ6D6989G;
				ENABLE_PREVIEWS = YES;
				GENERATE_INFOPLIST_FILE = YES;
				INFOPLIST_KEY_UIApplicationSceneManifest_Generation = YES;
				INFOPLIST_KEY_UIApplicationSupportsIndirectInputEvents = YES;
				INFOPLIST_KEY_UILaunchScreen_Generation = YES;
				INFOPLIST_KEY_UISupportedInterfaceOrientations_iPad = "UIInterfaceOrientationPortrait UIInterfaceOrientationPortraitUpsideDown UIInterfaceOrientationLandscapeLeft UIInterfaceOrientationLandscapeRight";
				INFOPLIST_KEY_UISupportedInterfaceOrientations_iPhone = "UIInterfaceOrientationPortrait UIInterfaceOrientationLandscapeLeft UIInterfaceOrientationLandscapeRight";
				LD_RUNPATH_SEARCH_PATHS = (
					"$(inherited)",
					"@executable_path/Frameworks",
				);
				MARKETING_VERSION = 1.0;
				PRODUCT_BUNDLE_IDENTIFIER = com.cagatayyildiz.SwiftUITutorial;
				PRODUCT_NAME = "$(TARGET_NAME)";
				SWIFT_EMIT_LOC_STRINGS = YES;
				SWIFT_VERSION = 5.0;
				TARGETED_DEVICE_FAMILY = "1,2";
			};
			name = Debug;
		};
		1D2038922A38DC0D00BE49A2 /* Release */ = {
			isa = XCBuildConfiguration;
			buildSettings = {
				ASSETCATALOG_COMPILER_APPICON_NAME = AppIcon;
				ASSETCATALOG_COMPILER_GLOBAL_ACCENT_COLOR_NAME = AccentColor;
				CODE_SIGN_STYLE = Automatic;
				CURRENT_PROJECT_VERSION = 1;
				DEVELOPMENT_ASSET_PATHS = "\"SwiftUITutorial/Preview Content\"";
				DEVELOPMENT_TEAM = 5WJ6D6989G;
				ENABLE_PREVIEWS = YES;
				GENERATE_INFOPLIST_FILE = YES;
				INFOPLIST_KEY_UIApplicationSceneManifest_Generation = YES;
				INFOPLIST_KEY_UIApplicationSupportsIndirectInputEvents = YES;
				INFOPLIST_KEY_UILaunchScreen_Generation = YES;
				INFOPLIST_KEY_UISupportedInterfaceOrientations_iPad = "UIInterfaceOrientationPortrait UIInterfaceOrientationPortraitUpsideDown UIInterfaceOrientationLandscapeLeft UIInterfaceOrientationLandscapeRight";
				INFOPLIST_KEY_UISupportedInterfaceOrientations_iPhone = "UIInterfaceOrientationPortrait UIInterfaceOrientationLandscapeLeft UIInterfaceOrientationLandscapeRight";
				LD_RUNPATH_SEARCH_PATHS = (
					"$(inherited)",
					"@executable_path/Frameworks",
				);
				MARKETING_VERSION = 1.0;
				PRODUCT_BUNDLE_IDENTIFIER = com.cagatayyildiz.SwiftUITutorial;
				PRODUCT_NAME = "$(TARGET_NAME)";
				SWIFT_EMIT_LOC_STRINGS = YES;
				SWIFT_VERSION = 5.0;
				TARGETED_DEVICE_FAMILY = "1,2";
			};
			name = Release;
		};
/* End XCBuildConfiguration section */

/* Begin XCConfigurationList section */
		1D20387D2A38DC0C00BE49A2 /* Build configuration list for PBXProject "SwiftUITutorial" */ = {
			isa = XCConfigurationList;
			buildConfigurations = (
				1D20388E2A38DC0D00BE49A2 /* Debug */,
				1D20388F2A38DC0D00BE49A2 /* Release */,
			);
			defaultConfigurationIsVisible = 0;
			defaultConfigurationName = Release;
		};
		1D2038902A38DC0D00BE49A2 /* Build configuration list for PBXNativeTarget "SwiftUITutorial" */ = {
			isa = XCConfigurationList;
			buildConfigurations = (
				1D2038912A38DC0D00BE49A2 /* Debug */,
				1D2038922A38DC0D00BE49A2 /* Release */,
			);
			defaultConfigurationIsVisible = 0;
			defaultConfigurationName = Release;
		};
/* End XCConfigurationList section */
	};
	rootObject = 1D20387A2A38DC0C00BE49A2 /* Project object */;
}
